
Microsoft Visual Studio Solution File, Format Version 12.00
# Visual Studio Version 17
VisualStudioVersion = 17.7.34221.43
MinimumVisualStudioVersion = 10.0.40219.1
Project("{9A19103F-16F7-4668-BE54-9A1E7A4F7556}") = "Vezeeta.API", "Vezeeta.API\Vezeeta.API.csproj", "{BA437BFB-3562-4BA2-A562-FA0683A6B511}"
EndProject
Project("{9A19103F-16F7-4668-BE54-9A1E7A4F7556}") = "Vezeeta.Core", "Core\Vezeeta.Core.csproj", "{08858EAC-5CCE-494F-8F82-5879C580110C}"
EndProject
Project("{9A19103F-16F7-4668-BE54-9A1E7A4F7556}") = "Vezeeta.Serivce", "Serivce\Vezeeta.Serivce.csproj", "{5C2610BC-F02E-453B-B3AC-3A63054FD3B5}"
EndProject
Project("{FAE04EC0-301F-11D3-BF4B-00C04F79EFBC}") = "vezeeta.Repository", "vezeeta.Repository\vezeeta.Repository.csproj", "{C01F10C6-C72B-4EF4-89D7-552DD9FDD3B6}"
EndProject
Global
	GlobalSection(SolutionConfigurationPlatforms) = preSolution
		Debug|Any CPU = Debug|Any CPU
		Release|Any CPU = Release|Any CPU
	EndGlobalSection
	GlobalSection(ProjectConfigurationPlatforms) = postSolution
		{BA437BFB-3562-4BA2-A562-FA0683A6B511}.Debug|Any CPU.ActiveCfg = Debug|Any CPU
		{BA437BFB-3562-4BA2-A562-FA0683A6B511}.Debug|Any CPU.Build.0 = Debug|Any CPU
		{BA437BFB-3562-4BA2-A562-FA0683A6B511}.Release|Any CPU.ActiveCfg = Release|Any CPU
		{BA437BFB-3562-4BA2-A562-FA0683A6B511}.Release|Any CPU.Build.0 = Release|Any CPU
		{08858EAC-5CCE-494F-8F82-5879C580110C}.Debug|Any CPU.ActiveCfg = Debug|Any CPU
		{08858EAC-5CCE-494F-8F82-5879C580110C}.Debug|Any CPU.Build.0 = Debug|Any CPU
		{08858EAC-5CCE-494F-8F82-5879C580110C}.Release|Any CPU.ActiveCfg = Release|Any CPU
		{08858EAC-5CCE-494F-8F82-5879C580110C}.Release|Any CPU.Build.0 = Release|Any CPU
		{5C2610BC-F02E-453B-B3AC-3A63054FD3B5}.Debug|Any CPU.ActiveCfg = Debug|Any CPU
		{5C2610BC-F02E-453B-B3AC-3A63054FD3B5}.Debug|Any CPU.Build.0 = Debug|Any CPU
		{5C2610BC-F02E-453B-B3AC-3A63054FD3B5}.Release|Any CPU.ActiveCfg = Release|Any CPU
		{5C2610BC-F02E-453B-B3AC-3A63054FD3B5}.Release|Any CPU.Build.0 = Release|Any CPU
		{C01F10C6-C72B-4EF4-89D7-552DD9FDD3B6}.Debug|Any CPU.ActiveCfg = Debug|Any CPU
		{C01F10C6-C72B-4EF4-89D7-552DD9FDD3B6}.Debug|Any CPU.Build.0 = Debug|Any CPU
		{C01F10C6-C72B-4EF4-89D7-552DD9FDD3B6}.Release|Any CPU.ActiveCfg = Release|Any CPU
		{C01F10C6-C72B-4EF4-89D7-552DD9FDD3B6}.Release|Any CPU.Build.0 = Release|Any CPU
	EndGlobalSection
	GlobalSection(SolutionProperties) = preSolution
		HideSolutionNode = FALSE
	EndGlobalSection
	GlobalSection(ExtensibilityGlobals) = postSolution
		SolutionGuid = {47849FFB-5541-43B2-803E-90F7C717A3A1}
	EndGlobalSection
EndGlobal
